
Microsoft Visual Studio Solution File, Format Version 12.00
# Visual Studio Version 16
VisualStudioVersion = 16.0.29806.167
MinimumVisualStudioVersion = 10.0.40219.1
Project("{FAE04EC0-301F-11D3-BF4B-00C04F79EFBC}") = "ConsoleAppInteraktywnie", "ConsoleAppInteraktywnie\ConsoleAppInteraktywnie.csproj", "{C34BAC40-CC1D-4822-83E0-00B7AAC2413F}"
EndProject
Project("{FAE04EC0-301F-11D3-BF4B-00C04F79EFBC}") = "ConsoleAppWithVB", "ConsoleAppWithVB\ConsoleAppWithVB.csproj", "{B255327C-4415-438D-A2B1-4623387525C8}"
EndProject
Project("{FAE04EC0-301F-11D3-BF4B-00C04F79EFBC}") = "ConsoleAppCoreWsadowo", "ConsoleAppCoreWsadowo\ConsoleAppCoreWsadowo.csproj", "{C5689F19-55C3-4397-AB95-4859475B12AA}"
EndProject
Project("{FAE04EC0-301F-11D3-BF4B-00C04F79EFBC}") = "WindowsFormsApp", "WindowsFormsApp\WindowsFormsApp.csproj", "{FB3D3642-7B03-430D-9DA7-C0B0D3A06822}"
EndProject
Global
	GlobalSection(SolutionConfigurationPlatforms) = preSolution
		Debug|Any CPU = Debug|Any CPU
		Release|Any CPU = Release|Any CPU
	EndGlobalSection
	GlobalSection(ProjectConfigurationPlatforms) = postSolution
		{C34BAC40-CC1D-4822-83E0-00B7AAC2413F}.Debug|Any CPU.ActiveCfg = Debug|Any CPU
		{C34BAC40-CC1D-4822-83E0-00B7AAC2413F}.Debug|Any CPU.Build.0 = Debug|Any CPU
		{C34BAC40-CC1D-4822-83E0-00B7AAC2413F}.Release|Any CPU.ActiveCfg = Release|Any CPU
		{C34BAC40-CC1D-4822-83E0-00B7AAC2413F}.Release|Any CPU.Build.0 = Release|Any CPU
		{B255327C-4415-438D-A2B1-4623387525C8}.Debug|Any CPU.ActiveCfg = Debug|Any CPU
		{B255327C-4415-438D-A2B1-4623387525C8}.Debug|Any CPU.Build.0 = Debug|Any CPU
		{B255327C-4415-438D-A2B1-4623387525C8}.Release|Any CPU.ActiveCfg = Release|Any CPU
		{B255327C-4415-438D-A2B1-4623387525C8}.Release|Any CPU.Build.0 = Release|Any CPU
		{C5689F19-55C3-4397-AB95-4859475B12AA}.Debug|Any CPU.ActiveCfg = Debug|Any CPU
		{C5689F19-55C3-4397-AB95-4859475B12AA}.Debug|Any CPU.Build.0 = Debug|Any CPU
		{C5689F19-55C3-4397-AB95-4859475B12AA}.Release|Any CPU.ActiveCfg = Release|Any CPU
		{C5689F19-55C3-4397-AB95-4859475B12AA}.Release|Any CPU.Build.0 = Release|Any CPU
		{FB3D3642-7B03-430D-9DA7-C0B0D3A06822}.Debug|Any CPU.ActiveCfg = Debug|Any CPU
		{FB3D3642-7B03-430D-9DA7-C0B0D3A06822}.Debug|Any CPU.Build.0 = Debug|Any CPU
		{FB3D3642-7B03-430D-9DA7-C0B0D3A06822}.Release|Any CPU.ActiveCfg = Release|Any CPU
		{FB3D3642-7B03-430D-9DA7-C0B0D3A06822}.Release|Any CPU.Build.0 = Release|Any CPU
	EndGlobalSection
	GlobalSection(SolutionProperties) = preSolution
		HideSolutionNode = FALSE
	EndGlobalSection
	GlobalSection(ExtensibilityGlobals) = postSolution
		SolutionGuid = {5F6398E6-37B5-4504-B7C9-CD4589CA0CBC}
	EndGlobalSection
EndGlobal
